
Microsoft Visual Studio Solution File, Format Version 12.00
# Visual Studio Version 17
VisualStudioVersion = 17.5.002.0
MinimumVisualStudioVersion = 10.0.40219.1
Project("{9A19103F-16F7-4668-BE54-9A1E7A4F7556}") = "Chess.Lib", "Chess.Lib\Chess.Lib.csproj", "{68ED7881-3CA6-457A-94CB-AA647783F8C9}"
EndProject
Project("{9A19103F-16F7-4668-BE54-9A1E7A4F7556}") = "Chess.Tests", "Chess.Tests\Chess.Tests.csproj", "{6E8FC927-6D05-4F75-BC60-0751A62566D9}"
EndProject
Project("{9A19103F-16F7-4668-BE54-9A1E7A4F7556}") = "Chess.UI.Windows", "Chess.UI.Windows\Chess.UI.Windows.csproj", "{4665628B-2252-4821-B642-09C5D3ADE317}"
EndProject
Project("{9A19103F-16F7-4668-BE54-9A1E7A4F7556}") = "Chess.Console", "Chess.Console\Chess.Console.csproj", "{C37F3973-87C4-4FA2-AD35-B033A6FB27E4}"
EndProject
Project("{C7167F0D-BC9F-4E6E-AFE1-012C56B48DB5}") = "ChessWap", "ChessWap\ChessWap.wapproj", "{64F4AE66-EC46-43FB-92E9-1CCDEC207B13}"
EndProject
Global
	GlobalSection(SolutionConfigurationPlatforms) = preSolution
		Debug|Any CPU = Debug|Any CPU
		Debug|ARM = Debug|ARM
		Debug|ARM64 = Debug|ARM64
		Debug|x64 = Debug|x64
		Debug|x86 = Debug|x86
		Release|Any CPU = Release|Any CPU
		Release|ARM = Release|ARM
		Release|ARM64 = Release|ARM64
		Release|x64 = Release|x64
		Release|x86 = Release|x86
	EndGlobalSection
	GlobalSection(ProjectConfigurationPlatforms) = postSolution
		{68ED7881-3CA6-457A-94CB-AA647783F8C9}.Debug|Any CPU.ActiveCfg = Debug|Any CPU
		{68ED7881-3CA6-457A-94CB-AA647783F8C9}.Debug|Any CPU.Build.0 = Debug|Any CPU
		{68ED7881-3CA6-457A-94CB-AA647783F8C9}.Debug|ARM.ActiveCfg = Debug|Any CPU
		{68ED7881-3CA6-457A-94CB-AA647783F8C9}.Debug|ARM.Build.0 = Debug|Any CPU
		{68ED7881-3CA6-457A-94CB-AA647783F8C9}.Debug|ARM64.ActiveCfg = Debug|Any CPU
		{68ED7881-3CA6-457A-94CB-AA647783F8C9}.Debug|ARM64.Build.0 = Debug|Any CPU
		{68ED7881-3CA6-457A-94CB-AA647783F8C9}.Debug|x64.ActiveCfg = Debug|Any CPU
		{68ED7881-3CA6-457A-94CB-AA647783F8C9}.Debug|x64.Build.0 = Debug|Any CPU
		{68ED7881-3CA6-457A-94CB-AA647783F8C9}.Debug|x86.ActiveCfg = Debug|Any CPU
		{68ED7881-3CA6-457A-94CB-AA647783F8C9}.Debug|x86.Build.0 = Debug|Any CPU
		{68ED7881-3CA6-457A-94CB-AA647783F8C9}.Release|Any CPU.ActiveCfg = Release|Any CPU
		{68ED7881-3CA6-457A-94CB-AA647783F8C9}.Release|Any CPU.Build.0 = Release|Any CPU
		{68ED7881-3CA6-457A-94CB-AA647783F8C9}.Release|ARM.ActiveCfg = Release|Any CPU
		{68ED7881-3CA6-457A-94CB-AA647783F8C9}.Release|ARM.Build.0 = Release|Any CPU
		{68ED7881-3CA6-457A-94CB-AA647783F8C9}.Release|ARM64.ActiveCfg = Release|Any CPU
		{68ED7881-3CA6-457A-94CB-AA647783F8C9}.Release|ARM64.Build.0 = Release|Any CPU
		{68ED7881-3CA6-457A-94CB-AA647783F8C9}.Release|x64.ActiveCfg = Release|Any CPU
		{68ED7881-3CA6-457A-94CB-AA647783F8C9}.Release|x64.Build.0 = Release|Any CPU
		{68ED7881-3CA6-457A-94CB-AA647783F8C9}.Release|x86.ActiveCfg = Release|Any CPU
		{68ED7881-3CA6-457A-94CB-AA647783F8C9}.Release|x86.Build.0 = Release|Any CPU
		{6E8FC927-6D05-4F75-BC60-0751A62566D9}.Debug|Any CPU.ActiveCfg = Debug|Any CPU
		{6E8FC927-6D05-4F75-BC60-0751A62566D9}.Debug|Any CPU.Build.0 = Debug|Any CPU
		{6E8FC927-6D05-4F75-BC60-0751A62566D9}.Debug|ARM.ActiveCfg = Debug|Any CPU
		{6E8FC927-6D05-4F75-BC60-0751A62566D9}.Debug|ARM.Build.0 = Debug|Any CPU
		{6E8FC927-6D05-4F75-BC60-0751A62566D9}.Debug|ARM64.ActiveCfg = Debug|Any CPU
		{6E8FC927-6D05-4F75-BC60-0751A62566D9}.Debug|ARM64.Build.0 = Debug|Any CPU
		{6E8FC927-6D05-4F75-BC60-0751A62566D9}.Debug|x64.ActiveCfg = Debug|Any CPU
		{6E8FC927-6D05-4F75-BC60-0751A62566D9}.Debug|x64.Build.0 = Debug|Any CPU
		{6E8FC927-6D05-4F75-BC60-0751A62566D9}.Debug|x86.ActiveCfg = Debug|Any CPU
		{6E8FC927-6D05-4F75-BC60-0751A62566D9}.Debug|x86.Build.0 = Debug|Any CPU
		{6E8FC927-6D05-4F75-BC60-0751A62566D9}.Release|Any CPU.ActiveCfg = Release|Any CPU
		{6E8FC927-6D05-4F75-BC60-0751A62566D9}.Release|Any CPU.Build.0 = Release|Any CPU
		{6E8FC927-6D05-4F75-BC60-0751A62566D9}.Release|ARM.ActiveCfg = Release|Any CPU
		{6E8FC927-6D05-4F75-BC60-0751A62566D9}.Release|ARM.Build.0 = Release|Any CPU
		{6E8FC927-6D05-4F75-BC60-0751A62566D9}.Release|ARM64.ActiveCfg = Release|Any CPU
		{6E8FC927-6D05-4F75-BC60-0751A62566D9}.Release|ARM64.Build.0 = Release|Any CPU
		{6E8FC927-6D05-4F75-BC60-0751A62566D9}.Release|x64.ActiveCfg = Release|Any CPU
		{6E8FC927-6D05-4F75-BC60-0751A62566D9}.Release|x64.Build.0 = Release|Any CPU
		{6E8FC927-6D05-4F75-BC60-0751A62566D9}.Release|x86.ActiveCfg = Release|Any CPU
		{6E8FC927-6D05-4F75-BC60-0751A62566D9}.Release|x86.Build.0 = Release|Any CPU
		{4665628B-2252-4821-B642-09C5D3ADE317}.Debug|Any CPU.ActiveCfg = Debug|Any CPU
		{4665628B-2252-4821-B642-09C5D3ADE317}.Debug|Any CPU.Build.0 = Debug|Any CPU
		{4665628B-2252-4821-B642-09C5D3ADE317}.Debug|ARM.ActiveCfg = Debug|Any CPU
		{4665628B-2252-4821-B642-09C5D3ADE317}.Debug|ARM.Build.0 = Debug|Any CPU
		{4665628B-2252-4821-B642-09C5D3ADE317}.Debug|ARM64.ActiveCfg = Debug|Any CPU
		{4665628B-2252-4821-B642-09C5D3ADE317}.Debug|ARM64.Build.0 = Debug|Any CPU
		{4665628B-2252-4821-B642-09C5D3ADE317}.Debug|x64.ActiveCfg = Debug|Any CPU
		{4665628B-2252-4821-B642-09C5D3ADE317}.Debug|x64.Build.0 = Debug|Any CPU
		{4665628B-2252-4821-B642-09C5D3ADE317}.Debug|x86.ActiveCfg = Debug|Any CPU
		{4665628B-2252-4821-B642-09C5D3ADE317}.Debug|x86.Build.0 = Debug|Any CPU
		{4665628B-2252-4821-B642-09C5D3ADE317}.Release|Any CPU.ActiveCfg = Release|Any CPU
		{4665628B-2252-4821-B642-09C5D3ADE317}.Release|Any CPU.Build.0 = Release|Any CPU
		{4665628B-2252-4821-B642-09C5D3ADE317}.Release|ARM.ActiveCfg = Release|Any CPU
		{4665628B-2252-4821-B642-09C5D3ADE317}.Release|ARM.Build.0 = Release|Any CPU
		{4665628B-2252-4821-B642-09C5D3ADE317}.Release|ARM64.ActiveCfg = Release|Any CPU
		{4665628B-2252-4821-B642-09C5D3ADE317}.Release|ARM64.Build.0 = Release|Any CPU
		{4665628B-2252-4821-B642-09C5D3ADE317}.Release|x64.ActiveCfg = Release|Any CPU
		{4665628B-2252-4821-B642-09C5D3ADE317}.Release|x64.Build.0 = Release|Any CPU
		{4665628B-2252-4821-B642-09C5D3ADE317}.Release|x86.ActiveCfg = Release|Any CPU
		{4665628B-2252-4821-B642-09C5D3ADE317}.Release|x86.Build.0 = Release|Any CPU
		{C37F3973-87C4-4FA2-AD35-B033A6FB27E4}.Debug|Any CPU.ActiveCfg = Debug|Any CPU
		{C37F3973-87C4-4FA2-AD35-B033A6FB27E4}.Debug|Any CPU.Build.0 = Debug|Any CPU
		{C37F3973-87C4-4FA2-AD35-B033A6FB27E4}.Debug|ARM.ActiveCfg = Debug|Any CPU
		{C37F3973-87C4-4FA2-AD35-B033A6FB27E4}.Debug|ARM.Build.0 = Debug|Any CPU
		{C37F3973-87C4-4FA2-AD35-B033A6FB27E4}.Debug|ARM64.ActiveCfg = Debug|Any CPU
		{C37F3973-87C4-4FA2-AD35-B033A6FB27E4}.Debug|ARM64.Build.0 = Debug|Any CPU
		{C37F3973-87C4-4FA2-AD35-B033A6FB27E4}.Debug|x64.ActiveCfg = Debug|Any CPU
		{C37F3973-87C4-4FA2-AD35-B033A6FB27E4}.Debug|x64.Build.0 = Debug|Any CPU
		{C37F3973-87C4-4FA2-AD35-B033A6FB27E4}.Debug|x86.ActiveCfg = Debug|Any CPU
		{C37F3973-87C4-4FA2-AD35-B033A6FB27E4}.Debug|x86.Build.0 = Debug|Any CPU
		{C37F3973-87C4-4FA2-AD35-B033A6FB27E4}.Release|Any CPU.ActiveCfg = Release|Any CPU
		{C37F3973-87C4-4FA2-AD35-B033A6FB27E4}.Release|Any CPU.Build.0 = Release|Any CPU
		{C37F3973-87C4-4FA2-AD35-B033A6FB27E4}.Release|ARM.ActiveCfg = Release|Any CPU
		{C37F3973-87C4-4FA2-AD35-B033A6FB27E4}.Release|ARM.Build.0 = Release|Any CPU
		{C37F3973-87C4-4FA2-AD35-B033A6FB27E4}.Release|ARM64.ActiveCfg = Release|Any CPU
		{C37F3973-87C4-4FA2-AD35-B033A6FB27E4}.Release|ARM64.Build.0 = Release|Any CPU
		{C37F3973-87C4-4FA2-AD35-B033A6FB27E4}.Release|x64.ActiveCfg = Release|Any CPU
		{C37F3973-87C4-4FA2-AD35-B033A6FB27E4}.Release|x64.Build.0 = Release|Any CPU
		{C37F3973-87C4-4FA2-AD35-B033A6FB27E4}.Release|x86.ActiveCfg = Release|Any CPU
		{C37F3973-87C4-4FA2-AD35-B033A6FB27E4}.Release|x86.Build.0 = Release|Any CPU
		{64F4AE66-EC46-43FB-92E9-1CCDEC207B13}.Debug|Any CPU.ActiveCfg = Debug|Any CPU
		{64F4AE66-EC46-43FB-92E9-1CCDEC207B13}.Debug|Any CPU.Build.0 = Debug|Any CPU
		{64F4AE66-EC46-43FB-92E9-1CCDEC207B13}.Debug|Any CPU.Deploy.0 = Debug|Any CPU
		{64F4AE66-EC46-43FB-92E9-1CCDEC207B13}.Debug|ARM.ActiveCfg = Debug|ARM
		{64F4AE66-EC46-43FB-92E9-1CCDEC207B13}.Debug|ARM.Build.0 = Debug|ARM
		{64F4AE66-EC46-43FB-92E9-1CCDEC207B13}.Debug|ARM.Deploy.0 = Debug|ARM
		{64F4AE66-EC46-43FB-92E9-1CCDEC207B13}.Debug|ARM64.ActiveCfg = Debug|ARM64
		{64F4AE66-EC46-43FB-92E9-1CCDEC207B13}.Debug|ARM64.Build.0 = Debug|ARM64
		{64F4AE66-EC46-43FB-92E9-1CCDEC207B13}.Debug|ARM64.Deploy.0 = Debug|ARM64
		{64F4AE66-EC46-43FB-92E9-1CCDEC207B13}.Debug|x64.ActiveCfg = Debug|x64
		{64F4AE66-EC46-43FB-92E9-1CCDEC207B13}.Debug|x64.Build.0 = Debug|x64
		{64F4AE66-EC46-43FB-92E9-1CCDEC207B13}.Debug|x64.Deploy.0 = Debug|x64
		{64F4AE66-EC46-43FB-92E9-1CCDEC207B13}.Debug|x86.ActiveCfg = Debug|x86
		{64F4AE66-EC46-43FB-92E9-1CCDEC207B13}.Debug|x86.Build.0 = Debug|x86
		{64F4AE66-EC46-43FB-92E9-1CCDEC207B13}.Debug|x86.Deploy.0 = Debug|x86
		{64F4AE66-EC46-43FB-92E9-1CCDEC207B13}.Release|Any CPU.ActiveCfg = Release|Any CPU
		{64F4AE66-EC46-43FB-92E9-1CCDEC207B13}.Release|Any CPU.Build.0 = Release|Any CPU
		{64F4AE66-EC46-43FB-92E9-1CCDEC207B13}.Release|Any CPU.Deploy.0 = Release|Any CPU
		{64F4AE66-EC46-43FB-92E9-1CCDEC207B13}.Release|ARM.ActiveCfg = Release|ARM
		{64F4AE66-EC46-43FB-92E9-1CCDEC207B13}.Release|ARM.Build.0 = Release|ARM
		{64F4AE66-EC46-43FB-92E9-1CCDEC207B13}.Release|ARM.Deploy.0 = Release|ARM
		{64F4AE66-EC46-43FB-92E9-1CCDEC207B13}.Release|ARM64.ActiveCfg = Release|ARM64
		{64F4AE66-EC46-43FB-92E9-1CCDEC207B13}.Release|ARM64.Build.0 = Release|ARM64
		{64F4AE66-EC46-43FB-92E9-1CCDEC207B13}.Release|ARM64.Deploy.0 = Release|ARM64
		{64F4AE66-EC46-43FB-92E9-1CCDEC207B13}.Release|x64.ActiveCfg = Release|x64
		{64F4AE66-EC46-43FB-92E9-1CCDEC207B13}.Release|x64.Build.0 = Release|x64
		{64F4AE66-EC46-43FB-92E9-1CCDEC207B13}.Release|x64.Deploy.0 = Release|x64
		{64F4AE66-EC46-43FB-92E9-1CCDEC207B13}.Release|x86.ActiveCfg = Release|x86
		{64F4AE66-EC46-43FB-92E9-1CCDEC207B13}.Release|x86.Build.0 = Release|x86
		{64F4AE66-EC46-43FB-92E9-1CCDEC207B13}.Release|x86.Deploy.0 = Release|x86
	EndGlobalSection
	GlobalSection(SolutionProperties) = preSolution
		HideSolutionNode = FALSE
	EndGlobalSection
	GlobalSection(ExtensibilityGlobals) = postSolution
		SolutionGuid = {54549A7B-B647-4D8A-9872-27EA4340DE29}
	EndGlobalSection
EndGlobal
