
Microsoft Visual Studio Solution File, Format Version 12.00
# Visual Studio Version 18
VisualStudioVersion = 18.3.11520.95
MinimumVisualStudioVersion = 10.0.40219.1
Project("{9A19103F-16F7-4668-BE54-9A1E7A4F7556}") = "Chess.Lib", "Chess.Lib\Chess.Lib.csproj", "{68ED7881-3CA6-457A-94CB-AA647783F8C9}"
EndProject
Project("{9A19103F-16F7-4668-BE54-9A1E7A4F7556}") = "Chess.Tests", "Chess.Tests\Chess.Tests.csproj", "{6E8FC927-6D05-4F75-BC60-0751A62566D9}"
EndProject
Project("{9A19103F-16F7-4668-BE54-9A1E7A4F7556}") = "Chess.Console", "Chess.Console\Chess.Console.csproj", "{C37F3973-87C4-4FA2-AD35-B033A6FB27E4}"
EndProject
Project("{FAE04EC0-301F-11D3-BF4B-00C04F79EFBC}") = "BenchmarkSuite1", "BenchmarkSuite1\BenchmarkSuite1.csproj", "{A20861A9-411E-6150-BF5C-69E8196E5D22}"
EndProject
Project("{2150E333-8FDC-42A3-9474-1A3956D46DE8}") = "Solution Items", "Solution Items", "{56A05D66-AB04-4411-910E-B710BD6165D4}"
	ProjectSection(SolutionItems) = preProject
		.github\workflows\dotnet-desktop.yml = .github\workflows\dotnet-desktop.yml
	EndProjectSection
EndProject
Project("{FAE04EC0-301F-11D3-BF4B-00C04F79EFBC}") = "Chess.UCI", "Chess.UCI\Chess.UCI.csproj", "{2BC81BC2-C4DF-49BC-90E3-C2E77020CBC1}"
EndProject
Project("{FAE04EC0-301F-11D3-BF4B-00C04F79EFBC}") = "Chess.Engine", "Chess.Engine\Chess.Engine.csproj", "{E196986A-AB0F-4A50-BC64-A5B8DE1F4DE4}"
EndProject
Project("{FAE04EC0-301F-11D3-BF4B-00C04F79EFBC}") = "Console.Lib", "Console.Lib\Console.Lib.csproj", "{F4382B0E-6B4C-4B41-BDCF-1492A7CFC8E3}"
EndProject
Project("{FAE04EC0-301F-11D3-BF4B-00C04F79EFBC}") = "Chess.ImageMagick", "Chess.ImageMagick\Chess.ImageMagick.csproj", "{3E02FCA9-F90D-48B7-AB99-8C63F3E1F3D0}"
EndProject
Global
	GlobalSection(SolutionConfigurationPlatforms) = preSolution
		Debug|Any CPU = Debug|Any CPU
		Debug|ARM = Debug|ARM
		Debug|ARM64 = Debug|ARM64
		Debug|x64 = Debug|x64
		Debug|x86 = Debug|x86
		Release|Any CPU = Release|Any CPU
		Release|ARM = Release|ARM
		Release|ARM64 = Release|ARM64
		Release|x64 = Release|x64
		Release|x86 = Release|x86
	EndGlobalSection
	GlobalSection(ProjectConfigurationPlatforms) = postSolution
		{68ED7881-3CA6-457A-94CB-AA647783F8C9}.Debug|Any CPU.ActiveCfg = Debug|Any CPU
		{68ED7881-3CA6-457A-94CB-AA647783F8C9}.Debug|Any CPU.Build.0 = Debug|Any CPU
		{68ED7881-3CA6-457A-94CB-AA647783F8C9}.Debug|ARM.ActiveCfg = Debug|Any CPU
		{68ED7881-3CA6-457A-94CB-AA647783F8C9}.Debug|ARM.Build.0 = Debug|Any CPU
		{68ED7881-3CA6-457A-94CB-AA647783F8C9}.Debug|ARM64.ActiveCfg = Debug|Any CPU
		{68ED7881-3CA6-457A-94CB-AA647783F8C9}.Debug|ARM64.Build.0 = Debug|Any CPU
		{68ED7881-3CA6-457A-94CB-AA647783F8C9}.Debug|x64.ActiveCfg = Debug|Any CPU
		{68ED7881-3CA6-457A-94CB-AA647783F8C9}.Debug|x64.Build.0 = Debug|Any CPU
		{68ED7881-3CA6-457A-94CB-AA647783F8C9}.Debug|x86.ActiveCfg = Debug|Any CPU
		{68ED7881-3CA6-457A-94CB-AA647783F8C9}.Debug|x86.Build.0 = Debug|Any CPU
		{68ED7881-3CA6-457A-94CB-AA647783F8C9}.Release|Any CPU.ActiveCfg = Release|Any CPU
		{68ED7881-3CA6-457A-94CB-AA647783F8C9}.Release|Any CPU.Build.0 = Release|Any CPU
		{68ED7881-3CA6-457A-94CB-AA647783F8C9}.Release|ARM.ActiveCfg = Release|Any CPU
		{68ED7881-3CA6-457A-94CB-AA647783F8C9}.Release|ARM.Build.0 = Release|Any CPU
		{68ED7881-3CA6-457A-94CB-AA647783F8C9}.Release|ARM64.ActiveCfg = Release|Any CPU
		{68ED7881-3CA6-457A-94CB-AA647783F8C9}.Release|ARM64.Build.0 = Release|Any CPU
		{68ED7881-3CA6-457A-94CB-AA647783F8C9}.Release|x64.ActiveCfg = Release|Any CPU
		{68ED7881-3CA6-457A-94CB-AA647783F8C9}.Release|x64.Build.0 = Release|Any CPU
		{68ED7881-3CA6-457A-94CB-AA647783F8C9}.Release|x86.ActiveCfg = Release|Any CPU
		{68ED7881-3CA6-457A-94CB-AA647783F8C9}.Release|x86.Build.0 = Release|Any CPU
		{6E8FC927-6D05-4F75-BC60-0751A62566D9}.Debug|Any CPU.ActiveCfg = Debug|Any CPU
		{6E8FC927-6D05-4F75-BC60-0751A62566D9}.Debug|Any CPU.Build.0 = Debug|Any CPU
		{6E8FC927-6D05-4F75-BC60-0751A62566D9}.Debug|ARM.ActiveCfg = Debug|Any CPU
		{6E8FC927-6D05-4F75-BC60-0751A62566D9}.Debug|ARM.Build.0 = Debug|Any CPU
		{6E8FC927-6D05-4F75-BC60-0751A62566D9}.Debug|ARM64.ActiveCfg = Debug|Any CPU
		{6E8FC927-6D05-4F75-BC60-0751A62566D9}.Debug|ARM64.Build.0 = Debug|Any CPU
		{6E8FC927-6D05-4F75-BC60-0751A62566D9}.Debug|x64.ActiveCfg = Debug|Any CPU
		{6E8FC927-6D05-4F75-BC60-0751A62566D9}.Debug|x64.Build.0 = Debug|Any CPU
		{6E8FC927-6D05-4F75-BC60-0751A62566D9}.Debug|x86.ActiveCfg = Debug|Any CPU
		{6E8FC927-6D05-4F75-BC60-0751A62566D9}.Debug|x86.Build.0 = Debug|Any CPU
		{6E8FC927-6D05-4F75-BC60-0751A62566D9}.Release|Any CPU.ActiveCfg = Release|Any CPU
		{6E8FC927-6D05-4F75-BC60-0751A62566D9}.Release|Any CPU.Build.0 = Release|Any CPU
		{6E8FC927-6D05-4F75-BC60-0751A62566D9}.Release|ARM.ActiveCfg = Release|Any CPU
		{6E8FC927-6D05-4F75-BC60-0751A62566D9}.Release|ARM.Build.0 = Release|Any CPU
		{6E8FC927-6D05-4F75-BC60-0751A62566D9}.Release|ARM64.ActiveCfg = Release|Any CPU
		{6E8FC927-6D05-4F75-BC60-0751A62566D9}.Release|ARM64.Build.0 = Release|Any CPU
		{6E8FC927-6D05-4F75-BC60-0751A62566D9}.Release|x64.ActiveCfg = Release|Any CPU
		{6E8FC927-6D05-4F75-BC60-0751A62566D9}.Release|x64.Build.0 = Release|Any CPU
		{6E8FC927-6D05-4F75-BC60-0751A62566D9}.Release|x86.ActiveCfg = Release|Any CPU
		{6E8FC927-6D05-4F75-BC60-0751A62566D9}.Release|x86.Build.0 = Release|Any CPU
		{C37F3973-87C4-4FA2-AD35-B033A6FB27E4}.Debug|Any CPU.ActiveCfg = Debug|Any CPU
		{C37F3973-87C4-4FA2-AD35-B033A6FB27E4}.Debug|Any CPU.Build.0 = Debug|Any CPU
		{C37F3973-87C4-4FA2-AD35-B033A6FB27E4}.Debug|ARM.ActiveCfg = Debug|Any CPU
		{C37F3973-87C4-4FA2-AD35-B033A6FB27E4}.Debug|ARM.Build.0 = Debug|Any CPU
		{C37F3973-87C4-4FA2-AD35-B033A6FB27E4}.Debug|ARM64.ActiveCfg = Debug|Any CPU
		{C37F3973-87C4-4FA2-AD35-B033A6FB27E4}.Debug|ARM64.Build.0 = Debug|Any CPU
		{C37F3973-87C4-4FA2-AD35-B033A6FB27E4}.Debug|x64.ActiveCfg = Debug|Any CPU
		{C37F3973-87C4-4FA2-AD35-B033A6FB27E4}.Debug|x64.Build.0 = Debug|Any CPU
		{C37F3973-87C4-4FA2-AD35-B033A6FB27E4}.Debug|x86.ActiveCfg = Debug|Any CPU
		{C37F3973-87C4-4FA2-AD35-B033A6FB27E4}.Debug|x86.Build.0 = Debug|Any CPU
		{C37F3973-87C4-4FA2-AD35-B033A6FB27E4}.Release|Any CPU.ActiveCfg = Release|Any CPU
		{C37F3973-87C4-4FA2-AD35-B033A6FB27E4}.Release|Any CPU.Build.0 = Release|Any CPU
		{C37F3973-87C4-4FA2-AD35-B033A6FB27E4}.Release|ARM.ActiveCfg = Release|Any CPU
		{C37F3973-87C4-4FA2-AD35-B033A6FB27E4}.Release|ARM.Build.0 = Release|Any CPU
		{C37F3973-87C4-4FA2-AD35-B033A6FB27E4}.Release|ARM64.ActiveCfg = Release|Any CPU
		{C37F3973-87C4-4FA2-AD35-B033A6FB27E4}.Release|ARM64.Build.0 = Release|Any CPU
		{C37F3973-87C4-4FA2-AD35-B033A6FB27E4}.Release|x64.ActiveCfg = Release|Any CPU
		{C37F3973-87C4-4FA2-AD35-B033A6FB27E4}.Release|x64.Build.0 = Release|Any CPU
		{C37F3973-87C4-4FA2-AD35-B033A6FB27E4}.Release|x86.ActiveCfg = Release|Any CPU
		{C37F3973-87C4-4FA2-AD35-B033A6FB27E4}.Release|x86.Build.0 = Release|Any CPU
		{A20861A9-411E-6150-BF5C-69E8196E5D22}.Debug|Any CPU.ActiveCfg = Debug|Any CPU
		{A20861A9-411E-6150-BF5C-69E8196E5D22}.Debug|Any CPU.Build.0 = Debug|Any CPU
		{A20861A9-411E-6150-BF5C-69E8196E5D22}.Debug|ARM.ActiveCfg = Debug|Any CPU
		{A20861A9-411E-6150-BF5C-69E8196E5D22}.Debug|ARM.Build.0 = Debug|Any CPU
		{A20861A9-411E-6150-BF5C-69E8196E5D22}.Debug|ARM64.ActiveCfg = Debug|Any CPU
		{A20861A9-411E-6150-BF5C-69E8196E5D22}.Debug|ARM64.Build.0 = Debug|Any CPU
		{A20861A9-411E-6150-BF5C-69E8196E5D22}.Debug|x64.ActiveCfg = Debug|Any CPU
		{A20861A9-411E-6150-BF5C-69E8196E5D22}.Debug|x64.Build.0 = Debug|Any CPU
		{A20861A9-411E-6150-BF5C-69E8196E5D22}.Debug|x86.ActiveCfg = Debug|Any CPU
		{A20861A9-411E-6150-BF5C-69E8196E5D22}.Debug|x86.Build.0 = Debug|Any CPU
		{A20861A9-411E-6150-BF5C-69E8196E5D22}.Release|Any CPU.ActiveCfg = Release|Any CPU
		{A20861A9-411E-6150-BF5C-69E8196E5D22}.Release|Any CPU.Build.0 = Release|Any CPU
		{A20861A9-411E-6150-BF5C-69E8196E5D22}.Release|ARM.ActiveCfg = Release|Any CPU
		{A20861A9-411E-6150-BF5C-69E8196E5D22}.Release|ARM.Build.0 = Release|Any CPU
		{A20861A9-411E-6150-BF5C-69E8196E5D22}.Release|ARM64.ActiveCfg = Release|Any CPU
		{A20861A9-411E-6150-BF5C-69E8196E5D22}.Release|ARM64.Build.0 = Release|Any CPU
		{A20861A9-411E-6150-BF5C-69E8196E5D22}.Release|x64.ActiveCfg = Release|Any CPU
		{A20861A9-411E-6150-BF5C-69E8196E5D22}.Release|x64.Build.0 = Release|Any CPU
		{A20861A9-411E-6150-BF5C-69E8196E5D22}.Release|x86.ActiveCfg = Release|Any CPU
		{A20861A9-411E-6150-BF5C-69E8196E5D22}.Release|x86.Build.0 = Release|Any CPU
		{2BC81BC2-C4DF-49BC-90E3-C2E77020CBC1}.Debug|Any CPU.ActiveCfg = Debug|Any CPU
		{2BC81BC2-C4DF-49BC-90E3-C2E77020CBC1}.Debug|Any CPU.Build.0 = Debug|Any CPU
		{2BC81BC2-C4DF-49BC-90E3-C2E77020CBC1}.Debug|ARM.ActiveCfg = Debug|Any CPU
		{2BC81BC2-C4DF-49BC-90E3-C2E77020CBC1}.Debug|ARM.Build.0 = Debug|Any CPU
		{2BC81BC2-C4DF-49BC-90E3-C2E77020CBC1}.Debug|ARM64.ActiveCfg = Debug|Any CPU
		{2BC81BC2-C4DF-49BC-90E3-C2E77020CBC1}.Debug|ARM64.Build.0 = Debug|Any CPU
		{2BC81BC2-C4DF-49BC-90E3-C2E77020CBC1}.Debug|x64.ActiveCfg = Debug|Any CPU
		{2BC81BC2-C4DF-49BC-90E3-C2E77020CBC1}.Debug|x64.Build.0 = Debug|Any CPU
		{2BC81BC2-C4DF-49BC-90E3-C2E77020CBC1}.Debug|x86.ActiveCfg = Debug|Any CPU
		{2BC81BC2-C4DF-49BC-90E3-C2E77020CBC1}.Debug|x86.Build.0 = Debug|Any CPU
		{2BC81BC2-C4DF-49BC-90E3-C2E77020CBC1}.Release|Any CPU.ActiveCfg = Release|Any CPU
		{2BC81BC2-C4DF-49BC-90E3-C2E77020CBC1}.Release|Any CPU.Build.0 = Release|Any CPU
		{2BC81BC2-C4DF-49BC-90E3-C2E77020CBC1}.Release|ARM.ActiveCfg = Release|Any CPU
		{2BC81BC2-C4DF-49BC-90E3-C2E77020CBC1}.Release|ARM.Build.0 = Release|Any CPU
		{2BC81BC2-C4DF-49BC-90E3-C2E77020CBC1}.Release|ARM64.ActiveCfg = Release|Any CPU
		{2BC81BC2-C4DF-49BC-90E3-C2E77020CBC1}.Release|ARM64.Build.0 = Release|Any CPU
		{2BC81BC2-C4DF-49BC-90E3-C2E77020CBC1}.Release|x64.ActiveCfg = Release|Any CPU
		{2BC81BC2-C4DF-49BC-90E3-C2E77020CBC1}.Release|x64.Build.0 = Release|Any CPU
		{2BC81BC2-C4DF-49BC-90E3-C2E77020CBC1}.Release|x86.ActiveCfg = Release|Any CPU
		{2BC81BC2-C4DF-49BC-90E3-C2E77020CBC1}.Release|x86.Build.0 = Release|Any CPU
		{E196986A-AB0F-4A50-BC64-A5B8DE1F4DE4}.Debug|Any CPU.ActiveCfg = Debug|Any CPU
		{E196986A-AB0F-4A50-BC64-A5B8DE1F4DE4}.Debug|Any CPU.Build.0 = Debug|Any CPU
		{E196986A-AB0F-4A50-BC64-A5B8DE1F4DE4}.Debug|ARM.ActiveCfg = Debug|Any CPU
		{E196986A-AB0F-4A50-BC64-A5B8DE1F4DE4}.Debug|ARM.Build.0 = Debug|Any CPU
		{E196986A-AB0F-4A50-BC64-A5B8DE1F4DE4}.Debug|ARM64.ActiveCfg = Debug|Any CPU
		{E196986A-AB0F-4A50-BC64-A5B8DE1F4DE4}.Debug|ARM64.Build.0 = Debug|Any CPU
		{E196986A-AB0F-4A50-BC64-A5B8DE1F4DE4}.Debug|x64.ActiveCfg = Debug|Any CPU
		{E196986A-AB0F-4A50-BC64-A5B8DE1F4DE4}.Debug|x64.Build.0 = Debug|Any CPU
		{E196986A-AB0F-4A50-BC64-A5B8DE1F4DE4}.Debug|x86.ActiveCfg = Debug|Any CPU
		{E196986A-AB0F-4A50-BC64-A5B8DE1F4DE4}.Debug|x86.Build.0 = Debug|Any CPU
		{E196986A-AB0F-4A50-BC64-A5B8DE1F4DE4}.Release|Any CPU.ActiveCfg = Release|Any CPU
		{E196986A-AB0F-4A50-BC64-A5B8DE1F4DE4}.Release|Any CPU.Build.0 = Release|Any CPU
		{E196986A-AB0F-4A50-BC64-A5B8DE1F4DE4}.Release|ARM.ActiveCfg = Release|Any CPU
		{E196986A-AB0F-4A50-BC64-A5B8DE1F4DE4}.Release|ARM.Build.0 = Release|Any CPU
		{E196986A-AB0F-4A50-BC64-A5B8DE1F4DE4}.Release|ARM64.ActiveCfg = Release|Any CPU
		{E196986A-AB0F-4A50-BC64-A5B8DE1F4DE4}.Release|ARM64.Build.0 = Release|Any CPU
		{E196986A-AB0F-4A50-BC64-A5B8DE1F4DE4}.Release|x64.ActiveCfg = Release|Any CPU
		{E196986A-AB0F-4A50-BC64-A5B8DE1F4DE4}.Release|x64.Build.0 = Release|Any CPU
		{E196986A-AB0F-4A50-BC64-A5B8DE1F4DE4}.Release|x86.ActiveCfg = Release|Any CPU
		{E196986A-AB0F-4A50-BC64-A5B8DE1F4DE4}.Release|x86.Build.0 = Release|Any CPU
		{F4382B0E-6B4C-4B41-BDCF-1492A7CFC8E3}.Debug|Any CPU.ActiveCfg = Debug|Any CPU
		{F4382B0E-6B4C-4B41-BDCF-1492A7CFC8E3}.Debug|Any CPU.Build.0 = Debug|Any CPU
		{F4382B0E-6B4C-4B41-BDCF-1492A7CFC8E3}.Debug|ARM.ActiveCfg = Debug|Any CPU
		{F4382B0E-6B4C-4B41-BDCF-1492A7CFC8E3}.Debug|ARM.Build.0 = Debug|Any CPU
		{F4382B0E-6B4C-4B41-BDCF-1492A7CFC8E3}.Debug|ARM64.ActiveCfg = Debug|Any CPU
		{F4382B0E-6B4C-4B41-BDCF-1492A7CFC8E3}.Debug|ARM64.Build.0 = Debug|Any CPU
		{F4382B0E-6B4C-4B41-BDCF-1492A7CFC8E3}.Debug|x64.ActiveCfg = Debug|Any CPU
		{F4382B0E-6B4C-4B41-BDCF-1492A7CFC8E3}.Debug|x64.Build.0 = Debug|Any CPU
		{F4382B0E-6B4C-4B41-BDCF-1492A7CFC8E3}.Debug|x86.ActiveCfg = Debug|Any CPU
		{F4382B0E-6B4C-4B41-BDCF-1492A7CFC8E3}.Debug|x86.Build.0 = Debug|Any CPU
		{F4382B0E-6B4C-4B41-BDCF-1492A7CFC8E3}.Release|Any CPU.ActiveCfg = Release|Any CPU
		{F4382B0E-6B4C-4B41-BDCF-1492A7CFC8E3}.Release|Any CPU.Build.0 = Release|Any CPU
		{F4382B0E-6B4C-4B41-BDCF-1492A7CFC8E3}.Release|ARM.ActiveCfg = Release|Any CPU
		{F4382B0E-6B4C-4B41-BDCF-1492A7CFC8E3}.Release|ARM.Build.0 = Release|Any CPU
		{F4382B0E-6B4C-4B41-BDCF-1492A7CFC8E3}.Release|ARM64.ActiveCfg = Release|Any CPU
		{F4382B0E-6B4C-4B41-BDCF-1492A7CFC8E3}.Release|ARM64.Build.0 = Release|Any CPU
		{F4382B0E-6B4C-4B41-BDCF-1492A7CFC8E3}.Release|x64.ActiveCfg = Release|Any CPU
		{F4382B0E-6B4C-4B41-BDCF-1492A7CFC8E3}.Release|x64.Build.0 = Release|Any CPU
		{F4382B0E-6B4C-4B41-BDCF-1492A7CFC8E3}.Release|x86.ActiveCfg = Release|Any CPU
		{F4382B0E-6B4C-4B41-BDCF-1492A7CFC8E3}.Release|x86.Build.0 = Release|Any CPU
		{3E02FCA9-F90D-48B7-AB99-8C63F3E1F3D0}.Debug|Any CPU.ActiveCfg = Debug|Any CPU
		{3E02FCA9-F90D-48B7-AB99-8C63F3E1F3D0}.Debug|Any CPU.Build.0 = Debug|Any CPU
		{3E02FCA9-F90D-48B7-AB99-8C63F3E1F3D0}.Debug|ARM.ActiveCfg = Debug|Any CPU
		{3E02FCA9-F90D-48B7-AB99-8C63F3E1F3D0}.Debug|ARM.Build.0 = Debug|Any CPU
		{3E02FCA9-F90D-48B7-AB99-8C63F3E1F3D0}.Debug|ARM64.ActiveCfg = Debug|Any CPU
		{3E02FCA9-F90D-48B7-AB99-8C63F3E1F3D0}.Debug|ARM64.Build.0 = Debug|Any CPU
		{3E02FCA9-F90D-48B7-AB99-8C63F3E1F3D0}.Debug|x64.ActiveCfg = Debug|Any CPU
		{3E02FCA9-F90D-48B7-AB99-8C63F3E1F3D0}.Debug|x64.Build.0 = Debug|Any CPU
		{3E02FCA9-F90D-48B7-AB99-8C63F3E1F3D0}.Debug|x86.ActiveCfg = Debug|Any CPU
		{3E02FCA9-F90D-48B7-AB99-8C63F3E1F3D0}.Debug|x86.Build.0 = Debug|Any CPU
		{3E02FCA9-F90D-48B7-AB99-8C63F3E1F3D0}.Release|Any CPU.ActiveCfg = Release|Any CPU
		{3E02FCA9-F90D-48B7-AB99-8C63F3E1F3D0}.Release|Any CPU.Build.0 = Release|Any CPU
		{3E02FCA9-F90D-48B7-AB99-8C63F3E1F3D0}.Release|ARM.ActiveCfg = Release|Any CPU
		{3E02FCA9-F90D-48B7-AB99-8C63F3E1F3D0}.Release|ARM.Build.0 = Release|Any CPU
		{3E02FCA9-F90D-48B7-AB99-8C63F3E1F3D0}.Release|ARM64.ActiveCfg = Release|Any CPU
		{3E02FCA9-F90D-48B7-AB99-8C63F3E1F3D0}.Release|ARM64.Build.0 = Release|Any CPU
		{3E02FCA9-F90D-48B7-AB99-8C63F3E1F3D0}.Release|x64.ActiveCfg = Release|Any CPU
		{3E02FCA9-F90D-48B7-AB99-8C63F3E1F3D0}.Release|x64.Build.0 = Release|Any CPU
		{3E02FCA9-F90D-48B7-AB99-8C63F3E1F3D0}.Release|x86.ActiveCfg = Release|Any CPU
		{3E02FCA9-F90D-48B7-AB99-8C63F3E1F3D0}.Release|x86.Build.0 = Release|Any CPU
	EndGlobalSection
	GlobalSection(SolutionProperties) = preSolution
		HideSolutionNode = FALSE
	EndGlobalSection
	GlobalSection(ExtensibilityGlobals) = postSolution
		SolutionGuid = {54549A7B-B647-4D8A-9872-27EA4340DE29}
	EndGlobalSection
EndGlobal
